
Microsoft Visual Studio Solution File, Format Version 12.00
# Visual Studio Version 16
VisualStudioVersion = 16.0.29806.167
MinimumVisualStudioVersion = 10.0.40219.1
Project("{9A19103F-16F7-4668-BE54-9A1E7A4F7556}") = "WpfAppForLearning", "WpfAppForLearning\WpfAppForLearning.csproj", "{ABA19140-3FF4-4A0E-8FBC-D7D07BAFE4B0}"
	ProjectSection(ProjectDependencies) = postProject
		{EC10D802-FB16-43D2-A8AA-F0BA331CABCF} = {EC10D802-FB16-43D2-A8AA-F0BA331CABCF}
	EndProjectSection
EndProject
Project("{9A19103F-16F7-4668-BE54-9A1E7A4F7556}") = "DevelopmentSupport", "DevelopmentSupport\DevelopmentSupport.csproj", "{EC10D802-FB16-43D2-A8AA-F0BA331CABCF}"
	ProjectSection(ProjectDependencies) = postProject
		{1244B3F6-D6CA-48C2-A3DA-3375D2FA286D} = {1244B3F6-D6CA-48C2-A3DA-3375D2FA286D}
	EndProjectSection
EndProject
Project("{9A19103F-16F7-4668-BE54-9A1E7A4F7556}") = "WPFAppFrameWork", "WPFAppFrameWork\WPFAppFrameWork.csproj", "{1244B3F6-D6CA-48C2-A3DA-3375D2FA286D}"
	ProjectSection(ProjectDependencies) = postProject
		{66B565A9-A52E-41ED-9266-3B55B4ED20C6} = {66B565A9-A52E-41ED-9266-3B55B4ED20C6}
	EndProjectSection
EndProject
Project("{9A19103F-16F7-4668-BE54-9A1E7A4F7556}") = "DevelopmentSupportTool", "DevelopmentSupportToolFW\DevelopmentSupportTool.csproj", "{80965B92-5AF7-45F6-B490-5B95A60E00E3}"
	ProjectSection(ProjectDependencies) = postProject
		{EC10D802-FB16-43D2-A8AA-F0BA331CABCF} = {EC10D802-FB16-43D2-A8AA-F0BA331CABCF}
		{1244B3F6-D6CA-48C2-A3DA-3375D2FA286D} = {1244B3F6-D6CA-48C2-A3DA-3375D2FA286D}
	EndProjectSection
EndProject
Project("{2150E333-8FDC-42A3-9474-1A3956D46DE8}") = "TestDriver", "TestDriver", "{4010E0B8-6027-4B6C-8C26-3C7E625CF50D}"
EndProject
Project("{9A19103F-16F7-4668-BE54-9A1E7A4F7556}") = "CalculatorTestDriver", "CalculatorTestDriver\CalculatorTestDriver.csproj", "{A7D1C5E6-6E3B-4F73-888A-0BB31FF201EA}"
EndProject
Project("{9A19103F-16F7-4668-BE54-9A1E7A4F7556}") = "DevelopmentCommon", "Common\DevelopmentCommon.csproj", "{66B565A9-A52E-41ED-9266-3B55B4ED20C6}"
EndProject
Project("{9A19103F-16F7-4668-BE54-9A1E7A4F7556}") = "MediaPlayerTestDriver", "MediaPlayerTestDriver\MediaPlayerTestDriver.csproj", "{8C205526-D6F4-41F4-9271-F8B3E020819B}"
EndProject
Project("{9A19103F-16F7-4668-BE54-9A1E7A4F7556}") = "XamlPadTestDriver", "XamlPadTestDriver\XamlPadTestDriver.csproj", "{2156B504-BD3A-4C6B-AD86-3D40BBF13232}"
EndProject
Project("{2150E333-8FDC-42A3-9474-1A3956D46DE8}") = "GamingTools", "GamingTools", "{9B438690-E60A-494C-930A-43DBF875D38D}"
EndProject
Project("{2150E333-8FDC-42A3-9474-1A3956D46DE8}") = "FF14", "FF14", "{C0E3ABD9-DF75-4032-82F9-80D7C0E629A6}"
EndProject
Project("{9A19103F-16F7-4668-BE54-9A1E7A4F7556}") = "TacticsAnalysisTool", "TacticsAnalysisTool\TacticsAnalysisTool.csproj", "{BE0D7915-3988-4E6C-A03A-C49893DEC3E4}"
EndProject
Project("{9A19103F-16F7-4668-BE54-9A1E7A4F7556}") = "SerializeTestDriver", "SerializeTestDriver\SerializeTestDriver.csproj", "{C1A2336B-5509-463D-93BB-EB72F57FF04A}"
EndProject
Global
	GlobalSection(SolutionConfigurationPlatforms) = preSolution
		Debug|Any CPU = Debug|Any CPU
		Release|Any CPU = Release|Any CPU
	EndGlobalSection
	GlobalSection(ProjectConfigurationPlatforms) = postSolution
		{ABA19140-3FF4-4A0E-8FBC-D7D07BAFE4B0}.Debug|Any CPU.ActiveCfg = Debug|Any CPU
		{ABA19140-3FF4-4A0E-8FBC-D7D07BAFE4B0}.Debug|Any CPU.Build.0 = Debug|Any CPU
		{ABA19140-3FF4-4A0E-8FBC-D7D07BAFE4B0}.Release|Any CPU.ActiveCfg = Release|Any CPU
		{ABA19140-3FF4-4A0E-8FBC-D7D07BAFE4B0}.Release|Any CPU.Build.0 = Release|Any CPU
		{EC10D802-FB16-43D2-A8AA-F0BA331CABCF}.Debug|Any CPU.ActiveCfg = Debug|Any CPU
		{EC10D802-FB16-43D2-A8AA-F0BA331CABCF}.Debug|Any CPU.Build.0 = Debug|Any CPU
		{EC10D802-FB16-43D2-A8AA-F0BA331CABCF}.Release|Any CPU.ActiveCfg = Release|Any CPU
		{EC10D802-FB16-43D2-A8AA-F0BA331CABCF}.Release|Any CPU.Build.0 = Release|Any CPU
		{1244B3F6-D6CA-48C2-A3DA-3375D2FA286D}.Debug|Any CPU.ActiveCfg = Debug|Any CPU
		{1244B3F6-D6CA-48C2-A3DA-3375D2FA286D}.Debug|Any CPU.Build.0 = Debug|Any CPU
		{1244B3F6-D6CA-48C2-A3DA-3375D2FA286D}.Release|Any CPU.ActiveCfg = Release|Any CPU
		{1244B3F6-D6CA-48C2-A3DA-3375D2FA286D}.Release|Any CPU.Build.0 = Release|Any CPU
		{80965B92-5AF7-45F6-B490-5B95A60E00E3}.Debug|Any CPU.ActiveCfg = Debug|Any CPU
		{80965B92-5AF7-45F6-B490-5B95A60E00E3}.Debug|Any CPU.Build.0 = Debug|Any CPU
		{80965B92-5AF7-45F6-B490-5B95A60E00E3}.Release|Any CPU.ActiveCfg = Release|Any CPU
		{80965B92-5AF7-45F6-B490-5B95A60E00E3}.Release|Any CPU.Build.0 = Release|Any CPU
		{A7D1C5E6-6E3B-4F73-888A-0BB31FF201EA}.Debug|Any CPU.ActiveCfg = Debug|Any CPU
		{A7D1C5E6-6E3B-4F73-888A-0BB31FF201EA}.Debug|Any CPU.Build.0 = Debug|Any CPU
		{A7D1C5E6-6E3B-4F73-888A-0BB31FF201EA}.Release|Any CPU.ActiveCfg = Release|Any CPU
		{A7D1C5E6-6E3B-4F73-888A-0BB31FF201EA}.Release|Any CPU.Build.0 = Release|Any CPU
		{66B565A9-A52E-41ED-9266-3B55B4ED20C6}.Debug|Any CPU.ActiveCfg = Debug|Any CPU
		{66B565A9-A52E-41ED-9266-3B55B4ED20C6}.Debug|Any CPU.Build.0 = Debug|Any CPU
		{66B565A9-A52E-41ED-9266-3B55B4ED20C6}.Release|Any CPU.ActiveCfg = Release|Any CPU
		{66B565A9-A52E-41ED-9266-3B55B4ED20C6}.Release|Any CPU.Build.0 = Release|Any CPU
		{8C205526-D6F4-41F4-9271-F8B3E020819B}.Debug|Any CPU.ActiveCfg = Debug|Any CPU
		{8C205526-D6F4-41F4-9271-F8B3E020819B}.Debug|Any CPU.Build.0 = Debug|Any CPU
		{8C205526-D6F4-41F4-9271-F8B3E020819B}.Release|Any CPU.ActiveCfg = Release|Any CPU
		{8C205526-D6F4-41F4-9271-F8B3E020819B}.Release|Any CPU.Build.0 = Release|Any CPU
		{2156B504-BD3A-4C6B-AD86-3D40BBF13232}.Debug|Any CPU.ActiveCfg = Debug|Any CPU
		{2156B504-BD3A-4C6B-AD86-3D40BBF13232}.Debug|Any CPU.Build.0 = Debug|Any CPU
		{2156B504-BD3A-4C6B-AD86-3D40BBF13232}.Release|Any CPU.ActiveCfg = Release|Any CPU
		{2156B504-BD3A-4C6B-AD86-3D40BBF13232}.Release|Any CPU.Build.0 = Release|Any CPU
		{BE0D7915-3988-4E6C-A03A-C49893DEC3E4}.Debug|Any CPU.ActiveCfg = Debug|Any CPU
		{BE0D7915-3988-4E6C-A03A-C49893DEC3E4}.Debug|Any CPU.Build.0 = Debug|Any CPU
		{BE0D7915-3988-4E6C-A03A-C49893DEC3E4}.Release|Any CPU.ActiveCfg = Release|Any CPU
		{BE0D7915-3988-4E6C-A03A-C49893DEC3E4}.Release|Any CPU.Build.0 = Release|Any CPU
		{C1A2336B-5509-463D-93BB-EB72F57FF04A}.Debug|Any CPU.ActiveCfg = Debug|Any CPU
		{C1A2336B-5509-463D-93BB-EB72F57FF04A}.Debug|Any CPU.Build.0 = Debug|Any CPU
		{C1A2336B-5509-463D-93BB-EB72F57FF04A}.Release|Any CPU.ActiveCfg = Release|Any CPU
		{C1A2336B-5509-463D-93BB-EB72F57FF04A}.Release|Any CPU.Build.0 = Release|Any CPU
	EndGlobalSection
	GlobalSection(SolutionProperties) = preSolution
		HideSolutionNode = FALSE
	EndGlobalSection
	GlobalSection(NestedProjects) = preSolution
		{A7D1C5E6-6E3B-4F73-888A-0BB31FF201EA} = {4010E0B8-6027-4B6C-8C26-3C7E625CF50D}
		{8C205526-D6F4-41F4-9271-F8B3E020819B} = {4010E0B8-6027-4B6C-8C26-3C7E625CF50D}
		{2156B504-BD3A-4C6B-AD86-3D40BBF13232} = {4010E0B8-6027-4B6C-8C26-3C7E625CF50D}
		{C0E3ABD9-DF75-4032-82F9-80D7C0E629A6} = {9B438690-E60A-494C-930A-43DBF875D38D}
		{BE0D7915-3988-4E6C-A03A-C49893DEC3E4} = {C0E3ABD9-DF75-4032-82F9-80D7C0E629A6}
		{C1A2336B-5509-463D-93BB-EB72F57FF04A} = {4010E0B8-6027-4B6C-8C26-3C7E625CF50D}
	EndGlobalSection
	GlobalSection(ExtensibilityGlobals) = postSolution
		SolutionGuid = {C4BB47DF-E3A2-40DB-9672-826A5CCF43B5}
	EndGlobalSection
EndGlobal
